{
  "requires": true,
  "lockfileVersion": 1,
  "dependencies": {
    "co": {
      "version": "3.1.0",
      "resolved": "https://registry.npmjs.org/co/-/co-3.1.0.tgz",
      "integrity": "sha1-TqVOpaCJOBUxheFSEMaNkJK8G3g="
    },
    "irregular-plurals": {
      "version": "2.0.0",
      "resolved": "https://registry.npmjs.org/irregular-plurals/-/irregular-plurals-2.0.0.tgz",
      "integrity": "sha512-Y75zBYLkh0lJ9qxeHlMjQ7bSbyiSqNW/UOPWDmzC7cXskL1hekSITh1Oc6JV0XCWWZ9DE8VYSB71xocLk3gmGw=="
    },
    "mdast-comment-marker": {
      "version": "1.1.0",
      "resolved": "https://registry.npmjs.org/mdast-comment-marker/-/mdast-comment-marker-1.1.0.tgz",
      "integrity": "sha512-NqHAs8nmu08I6MGzpKzgTd9qiCP7oshkyzQrlZxLMsLPUOPjp/Zb/ZtorKD0oOJ38vdZxFCdOlXvlDf77AqEDg=="
    },
    "mdast-util-heading-style": {
      "version": "1.0.4",
      "resolved": "https://registry.npmjs.org/mdast-util-heading-style/-/mdast-util-heading-style-1.0.4.tgz",
      "integrity": "sha512-n4fUvwpR5Uj1Ti658KxYDq9gR0UF3FK1UVTVig12imrSOssQU2OpUysje8nps5Cb85b6eau5akpWW7Zkxtv1XA=="
    },
    "mdast-util-to-string": {
      "version": "1.0.5",
      "resolved": "https://registry.npmjs.org/mdast-util-to-string/-/mdast-util-to-string-1.0.5.tgz",
      "integrity": "sha512-2qLt/DEOo5F6nc2VFScQiHPzQ0XXcabquRJxKMhKte8nt42o08HUxNDPk7tt0YPxnWjAT11I1SYi0X0iPnfI5A=="
    },
    "plur": {
      "version": "3.0.1",
      "resolved": "https://registry.npmjs.org/plur/-/plur-3.0.1.tgz",
      "integrity": "sha512-lJl0ojUynAM1BZn58Pas2WT/TXeC1+bS+UqShl0x9+49AtOn7DixRXVzaC8qrDOIxNDmepKnLuMTH7NQmkX0PA==",
      "requires": {
        "irregular-plurals": "^2.0.0"
      }
    },
    "remark-lint": {
      "version": "6.0.4",
      "resolved": "https://registry.npmjs.org/remark-lint/-/remark-lint-6.0.4.tgz",
      "integrity": "sha512-miD6SKhjEkLgdJXgAmNhGsdY1yIGAzwpoGIn/59MR6nZhshdxSm9/pLPiw9fK3loNASA3j7k//kea6x5vHb+jQ==",
      "requires": {
        "remark-message-control": "^4.0.0"
      }
    },
    "remark-lint-final-newline": {
      "version": "1.0.2",
      "resolved": "https://registry.npmjs.org/remark-lint-final-newline/-/remark-lint-final-newline-1.0.2.tgz",
      "integrity": "sha512-hW/lbDwVKtME3jIcJWJ16wBtoJdFPWIiu0fEI93yzNTjeB1g3VSWJp66dHbtCLYwquRS5fr8UlGx7JxIu1kiuA==",
      "requires": {
        "unified-lint-rule": "^1.0.0"
      }
    },
    "remark-lint-hard-break-spaces": {
      "version": "1.0.3",
      "resolved": "https://registry.npmjs.org/remark-lint-hard-break-spaces/-/remark-lint-hard-break-spaces-1.0.3.tgz",
      "integrity": "sha512-GiC0uXeFwef6/Pfo+EYBN0WIVlEFffh+9TdeJ4uLt89ZweaRVDPCTJQqkkuXoiXSPnZGD7cGHdkWCfXU1PaU7Q==",
      "requires": {
        "unified-lint-rule": "^1.0.0",
        "unist-util-generated": "^1.1.0",
        "unist-util-position": "^3.0.0",
        "unist-util-visit": "^1.1.1"
      }
    },
    "remark-lint-list-item-bullet-indent": {
      "version": "1.0.2",
      "resolved": "https://registry.npmjs.org/remark-lint-list-item-bullet-indent/-/remark-lint-list-item-bullet-indent-1.0.2.tgz",
      "integrity": "sha512-zvyQD6mJLRratZjk4Dw7D4vh73L43NXNCcap/6TxcmU9SKO7dXzoh8Ap9tyaFLic0LnHFc3Gx1pqYiPQ7PnL2g==",
      "requires": {
        "plur": "^3.0.0",
        "unified-lint-rule": "^1.0.0",
        "unist-util-generated": "^1.1.0",
        "unist-util-position": "^3.0.0",
        "unist-util-visit": "^1.1.1"
      }
    },
    "remark-lint-list-item-indent": {
      "version": "1.0.3",
      "resolved": "https://registry.npmjs.org/remark-lint-list-item-indent/-/remark-lint-list-item-indent-1.0.3.tgz",
      "integrity": "sha512-/IcVUPIxQ2X/oCKzqiAtH85CS8An3xQbcMD0DRBHZjBrIUO0Ot7lBiQedSHwCg9lnh7pDOTvHrmNS3FaWjVQqw==",
      "requires": {
        "plur": "^3.0.0",
        "unified-lint-rule": "^1.0.0",
        "unist-util-generated": "^1.1.0",
        "unist-util-position": "^3.0.0",
        "unist-util-visit": "^1.1.1"
      }
    },
    "remark-lint-no-auto-link-without-protocol": {
      "version": "1.0.2",
      "resolved": "https://registry.npmjs.org/remark-lint-no-auto-link-without-protocol/-/remark-lint-no-auto-link-without-protocol-1.0.2.tgz",
      "integrity": "sha512-3GtkSxOyd6we4b8JdtJsNgt8+3UN+hpw1UiMoE9X96ahc1rqsCFm6miorNUnF/gfPQ1liHBvZUed2SIenDmpkg==",
      "requires": {
        "mdast-util-to-string": "^1.0.2",
        "unified-lint-rule": "^1.0.0",
        "unist-util-generated": "^1.1.0",
        "unist-util-position": "^3.0.0",
        "unist-util-visit": "^1.1.1"
      }
    },
    "remark-lint-no-blockquote-without-marker": {
      "version": "2.0.2",
      "resolved": "https://registry.npmjs.org/remark-lint-no-blockquote-without-marker/-/remark-lint-no-blockquote-without-marker-2.0.2.tgz",
      "integrity": "sha512-jkfZ4hFiviZttEo7Ac7GZWFgMQ/bdVPfSluLeuf+qwL8sQvR4ClklKJ0Xbkk3cLRjvlGsc8U8uZR8qqH5MSLoA==",
      "requires": {
        "unified-lint-rule": "^1.0.0",
        "unist-util-generated": "^1.1.0",
        "unist-util-position": "^3.0.0",
        "unist-util-visit": "^1.1.1",
        "vfile-location": "^2.0.1"
      }
    },
    "remark-lint-no-duplicate-definitions": {
      "version": "1.0.3",
      "resolved": "https://registry.npmjs.org/remark-lint-no-duplicate-definitions/-/remark-lint-no-duplicate-definitions-1.0.3.tgz",
      "integrity": "sha512-8iQhawbIMwQILRpCsoYCVYrSF2rrWEfF7KPvIIJavp0TA02Wv+SX7b3hQslNtvso0Ka2VX+kI1+x+QzG16Duqg==",
      "requires": {
        "unified-lint-rule": "^1.0.0",
        "unist-util-generated": "^1.1.0",
        "unist-util-position": "^3.0.0",
        "unist-util-stringify-position": "^1.1.2",
        "unist-util-visit": "^1.4.0"
      }
    },
    "remark-lint-no-heading-content-indent": {
      "version": "1.0.2",
      "resolved": "https://registry.npmjs.org/remark-lint-no-heading-content-indent/-/remark-lint-no-heading-content-indent-1.0.2.tgz",
      "integrity": "sha512-g2MVmJhHbfFungca5WGWVB9bBY4YTrY6og20U+6DxkdS4ngoc8ezXUt8zV1HHEn0M/GdKr9F7fYhXcekJd/qaw==",
      "requires": {
        "mdast-util-heading-style": "^1.0.2",
        "plur": "^3.0.0",
        "unified-lint-rule": "^1.0.0",
        "unist-util-generated": "^1.1.0",
        "unist-util-position": "^3.0.0",
        "unist-util-visit": "^1.1.1"
      }
    },
    "remark-lint-no-inline-padding": {
      "version": "1.0.3",
      "resolved": "https://registry.npmjs.org/remark-lint-no-inline-padding/-/remark-lint-no-inline-padding-1.0.3.tgz",
      "integrity": "sha512-zEe7LjM13kQshdBtPnSzzCUNzGIX/XiGspMb7HZBCDWYsPJ73s01X+m+YI99Dz7wKvB3EUTZ7/MFhTUIvqcGRw==",
      "requires": {
        "mdast-util-to-string": "^1.0.2",
        "unified-lint-rule": "^1.0.0",
        "unist-util-generated": "^1.1.0",
        "unist-util-visit": "^1.4.0"
      }
    },
    "remark-lint-no-literal-urls": {
      "version": "1.0.2",
      "resolved": "https://registry.npmjs.org/remark-lint-no-literal-urls/-/remark-lint-no-literal-urls-1.0.2.tgz",
      "integrity": "sha512-+mWZIJA4yAqpKIclcFP5wRy/6hxcPnfU9Xmgp4fR7OD4JQ4JHkKq9O7MUbda14PLez1aMX+Is0O0hWI7OuqsSw==",
      "requires": {
        "mdast-util-to-string": "^1.0.2",
        "unified-lint-rule": "^1.0.0",
        "unist-util-generated": "^1.1.0",
        "unist-util-position": "^3.0.0",
        "unist-util-visit": "^1.1.1"
      }
    },
    "remark-lint-no-shortcut-reference-image": {
      "version": "1.0.2",
      "resolved": "https://registry.npmjs.org/remark-lint-no-shortcut-reference-image/-/remark-lint-no-shortcut-reference-image-1.0.2.tgz",
      "integrity": "sha512-IVYv5pgyf70jYcrn+BNHVO37BuQJg26rFOLzi2mj+/8EdFpolJiJcTvkChJgz5yip7317DmQQSNLX6gCExuDrQ==",
      "requires": {
        "unified-lint-rule": "^1.0.0",
        "unist-util-generated": "^1.1.0",
        "unist-util-visit": "^1.1.1"
      }
    },
    "remark-lint-no-shortcut-reference-link": {
      "version": "1.0.3",
      "resolved": "https://registry.npmjs.org/remark-lint-no-shortcut-reference-link/-/remark-lint-no-shortcut-reference-link-1.0.3.tgz",
      "integrity": "sha512-v5mk4wYQL+YRmlOTqi8avpzhoGZg+P42dDRda2jedysDIx7TJBEXUH6oMFEbo/qV6PMmtr7fr066M3RrOrLpiQ==",
      "requires": {
        "unified-lint-rule": "^1.0.0",
        "unist-util-generated": "^1.1.0",
        "unist-util-visit": "^1.1.1"
      }
    },
    "remark-lint-no-undefined-references": {
      "version": "1.0.3",
      "resolved": "https://registry.npmjs.org/remark-lint-no-undefined-references/-/remark-lint-no-undefined-references-1.0.3.tgz",
      "integrity": "sha512-yQxSpTQ3aGY4aszGSktAzeBC+h/k/YR/bf4ATrjCK5dz4C3InodCcrW/mtarLHR/3/kvM7NcGiOl0PElKJW5mg==",
      "requires": {
        "unified-lint-rule": "^1.0.0",
        "unist-util-generated": "^1.1.0",
        "unist-util-visit": "^1.4.0"
      }
    },
    "remark-lint-no-unused-definitions": {
      "version": "1.0.4",
      "resolved": "https://registry.npmjs.org/remark-lint-no-unused-definitions/-/remark-lint-no-unused-definitions-1.0.4.tgz",
      "integrity": "sha512-wKh10+2hiVKEkVXfW5zC8lyDCJQM6lpyRsyIVxq0ROHkrAjsO+seljEQCOsIJ55nZHbdCOCFDQosA0/5wgryRw==",
      "requires": {
        "unified-lint-rule": "^1.0.0",
        "unist-util-generated": "^1.1.0",
        "unist-util-visit": "^1.4.0"
      }
    },
    "remark-lint-ordered-list-marker-style": {
      "version": "1.0.2",
      "resolved": "https://registry.npmjs.org/remark-lint-ordered-list-marker-style/-/remark-lint-ordered-list-marker-style-1.0.2.tgz",
      "integrity": "sha512-4EHuHxZqy8IT4k+4Vc8P38I34AiZfgl07fS5/iqGhCdoSMCvvxdOuzTWTgpDFbx/W2QpHelBfJ+FtOp+E0J4Lg==",
      "requires": {
        "unified-lint-rule": "^1.0.0",
        "unist-util-generated": "^1.1.0",
        "unist-util-position": "^3.0.0",
        "unist-util-visit": "^1.1.1"
      }
    },
    "remark-message-control": {
      "version": "4.1.1",
      "resolved": "https://registry.npmjs.org/remark-message-control/-/remark-message-control-4.1.1.tgz",
      "integrity": "sha512-DojJPPeSux/U7aHCN6GUWBgp6F1EQFPUNvnk2gfuGgiMCHVubz/xAC3TkvPaf5w1F0PEGaOEpCtvxJK6O4Kmiw==",
      "requires": {
        "mdast-comment-marker": "^1.0.0",
        "unified-message-control": "^1.0.0",
        "xtend": "^4.0.1"
      }
    },
    "remark-preset-lint-recommended": {
      "version": "3.0.2",
      "resolved": "https://registry.npmjs.org/remark-preset-lint-recommended/-/remark-preset-lint-recommended-3.0.2.tgz",
      "integrity": "sha512-os4YNWLbkorjvDHVB4o+zCCufZLzGoD4Iwdk7SV7bSIZurUTrMp/ZrpNytyetN9ugIMXuHbWJUE+dF0ND+WorQ==",
      "requires": {
        "remark-lint": "^6.0.0",
        "remark-lint-final-newline": "^1.0.0",
        "remark-lint-hard-break-spaces": "^1.0.0",
        "remark-lint-list-item-bullet-indent": "^1.0.0",
        "remark-lint-list-item-indent": "^1.0.0",
        "remark-lint-no-auto-link-without-protocol": "^1.0.0",
        "remark-lint-no-blockquote-without-marker": "^2.0.0",
        "remark-lint-no-duplicate-definitions": "^1.0.0",
        "remark-lint-no-heading-content-indent": "^1.0.0",
        "remark-lint-no-inline-padding": "^1.0.0",
        "remark-lint-no-literal-urls": "^1.0.0",
        "remark-lint-no-shortcut-reference-image": "^1.0.0",
        "remark-lint-no-shortcut-reference-link": "^1.0.0",
        "remark-lint-no-undefined-references": "^1.0.0",
        "remark-lint-no-unused-definitions": "^1.0.0",
        "remark-lint-ordered-list-marker-style": "^1.0.0"
      }
    },
    "sliced": {
      "version": "1.0.1",
      "resolved": "https://registry.npmjs.org/sliced/-/sliced-1.0.1.tgz",
      "integrity": "sha1-CzpmK10Ewxd7GSa+qCsD+Dei70E="
    },
    "trim": {
      "version": "0.0.1",
      "resolved": "https://registry.npmjs.org/trim/-/trim-0.0.1.tgz",
      "integrity": "sha1-WFhUf2spB1fulczMZm+1AITEYN0="
    },
    "unified-lint-rule": {
      "version": "1.0.3",
      "resolved": "https://registry.npmjs.org/unified-lint-rule/-/unified-lint-rule-1.0.3.tgz",
      "integrity": "sha512-6z+HH3mtlFdj/w3MaQpObrZAd9KRiro370GxBFh13qkV8LYR21lLozA4iQiZPhe7KuX/lHewoGOEgQ4AWrAR3Q==",
      "requires": {
        "wrapped": "^1.0.1"
      }
    },
    "unified-message-control": {
      "version": "1.0.4",
      "resolved": "https://registry.npmjs.org/unified-message-control/-/unified-message-control-1.0.4.tgz",
      "integrity": "sha512-e1dEtN4Z/TvLn/qHm+xeZpzqhJTtfZusFErk336kkZVpqrJYiV9ptxq+SbRPFMlN0OkjDYHmVJ929KYjsMTo3g==",
      "requires": {
        "trim": "0.0.1",
        "unist-util-visit": "^1.0.0",
        "vfile-location": "^2.0.0"
      }
    },
    "unist-util-generated": {
      "version": "1.1.3",
      "resolved": "https://registry.npmjs.org/unist-util-generated/-/unist-util-generated-1.1.3.tgz",
      "integrity": "sha512-qlPeDqnQnd84KIqwphzOR+l02cxjDzvEYEBl84EjmKRrX4eUmjyAo8xJv1SCDhJqNjyHRnBMZWNKAiBtXE6hBg=="
    },
    "unist-util-is": {
      "version": "2.1.2",
      "resolved": "https://registry.npmjs.org/unist-util-is/-/unist-util-is-2.1.2.tgz",
      "integrity": "sha512-YkXBK/H9raAmG7KXck+UUpnKiNmUdB+aBGrknfQ4EreE1banuzrKABx3jP6Z5Z3fMSPMQQmeXBlKpCbMwBkxVw=="
    },
    "unist-util-position": {
      "version": "3.0.2",
      "resolved": "https://registry.npmjs.org/unist-util-position/-/unist-util-position-3.0.2.tgz",
      "integrity": "sha512-npmFu92l/+b1Ao6uGP4I1WFz9hsKv7qleZ4aliw6x0RVu6A9A3tAf57NMpFfzQ02jxRtJZuRn+C8xWT7GWnH0g=="
    },
    "unist-util-stringify-position": {
      "version": "1.1.2",
      "resolved": "https://registry.npmjs.org/unist-util-stringify-position/-/unist-util-stringify-position-1.1.2.tgz",
      "integrity": "sha512-pNCVrk64LZv1kElr0N1wPiHEUoXNVFERp+mlTg/s9R5Lwg87f9bM/3sQB99w+N9D/qnM9ar3+AKDBwo/gm/iQQ=="
    },
    "unist-util-visit": {
      "version": "1.4.0",
      "resolved": "https://registry.npmjs.org/unist-util-visit/-/unist-util-visit-1.4.0.tgz",
      "integrity": "sha512-FiGu34ziNsZA3ZUteZxSFaczIjGmksfSgdKqBfOejrrfzyUy5b7YrlzT1Bcvi+djkYDituJDy2XB7tGTeBieKw==",
      "requires": {
        "unist-util-visit-parents": "^2.0.0"
      }
    },
    "unist-util-visit-parents": {
      "version": "2.0.1",
      "resolved": "https://registry.npmjs.org/unist-util-visit-parents/-/unist-util-visit-parents-2.0.1.tgz",
      "integrity": "sha512-6B0UTiMfdWql4cQ03gDTCSns+64Zkfo2OCbK31Ov0uMizEz+CJeAp0cgZVb5Fhmcd7Bct2iRNywejT0orpbqUA==",
      "requires": {
        "unist-util-is": "^2.1.2"
      }
    },
    "vfile-location": {
      "version": "2.0.4",
      "resolved": "https://registry.npmjs.org/vfile-location/-/vfile-location-2.0.4.tgz",
      "integrity": "sha512-KRL5uXQPoUKu+NGvQVL4XLORw45W62v4U4gxJ3vRlDfI9QsT4ZN1PNXn/zQpKUulqGDpYuT0XDfp5q9O87/y/w=="
    },
    "wrapped": {
      "version": "1.0.1",
      "resolved": "https://registry.npmjs.org/wrapped/-/wrapped-1.0.1.tgz",
      "integrity": "sha1-x4PZ2Aeyc+mwHoUWgKk4yHyQckI=",
      "requires": {
        "co": "3.1.0",
        "sliced": "^1.0.1"
      }
    },
    "xtend": {
      "version": "4.0.1",
      "resolved": "https://registry.npmjs.org/xtend/-/xtend-4.0.1.tgz",
      "integrity": "sha1-pcbVMr5lbiPbgg77lDofBJmNY68="
    }
  }
}
